
Microsoft Visual Studio Solution File, Format Version 12.00
# Visual Studio Version 17
VisualStudioVersion = 17.7.34009.444
MinimumVisualStudioVersion = 10.0.40219.1
Project("{9A19103F-16F7-4668-BE54-9A1E7A4F7556}") = "AccountingBuildings", "AccountingBuildings\AccountingBuildings.csproj", "{7355A4EC-2B8F-4BC5-9C69-4057FC2E614C}"
EndProject
Project("{9A19103F-16F7-4668-BE54-9A1E7A4F7556}") = "AccountingRooms", "AccountingRooms\AccountingRooms.csproj", "{37C214FF-5797-4342-86EC-071086558796}"
EndProject
Project("{2150E333-8FDC-42A3-9474-1A3956D46DE8}") = "Элементы решения", "Элементы решения", "{F0D2F328-ECE7-47FD-AF59-8980AC820D6B}"
	ProjectSection(SolutionItems) = preProject
		docker-compose.yml = docker-compose.yml
	EndProjectSection
EndProject
Global
	GlobalSection(SolutionConfigurationPlatforms) = preSolution
		Debug|Any CPU = Debug|Any CPU
		Release|Any CPU = Release|Any CPU
	EndGlobalSection
	GlobalSection(ProjectConfigurationPlatforms) = postSolution
		{7355A4EC-2B8F-4BC5-9C69-4057FC2E614C}.Debug|Any CPU.ActiveCfg = Debug|Any CPU
		{7355A4EC-2B8F-4BC5-9C69-4057FC2E614C}.Debug|Any CPU.Build.0 = Debug|Any CPU
		{7355A4EC-2B8F-4BC5-9C69-4057FC2E614C}.Release|Any CPU.ActiveCfg = Release|Any CPU
		{7355A4EC-2B8F-4BC5-9C69-4057FC2E614C}.Release|Any CPU.Build.0 = Release|Any CPU
		{37C214FF-5797-4342-86EC-071086558796}.Debug|Any CPU.ActiveCfg = Debug|Any CPU
		{37C214FF-5797-4342-86EC-071086558796}.Debug|Any CPU.Build.0 = Debug|Any CPU
		{37C214FF-5797-4342-86EC-071086558796}.Release|Any CPU.ActiveCfg = Release|Any CPU
		{37C214FF-5797-4342-86EC-071086558796}.Release|Any CPU.Build.0 = Release|Any CPU
	EndGlobalSection
	GlobalSection(SolutionProperties) = preSolution
		HideSolutionNode = FALSE
	EndGlobalSection
	GlobalSection(ExtensibilityGlobals) = postSolution
		SolutionGuid = {0E686906-2266-4E02-A73E-0063D64331F7}
	EndGlobalSection
EndGlobal
